// !$*UTF8*$!
{
	archiveVersion = 1;
	classes = {
	};
	objectVersion = 50;
	objects = {

/* Begin PBXBuildFile section */
		22588DDA2553A61C00D95E69 /* AppDelegate.swift in Sources */ = {isa = PBXBuildFile; fileRef = 22588DD92553A61C00D95E69 /* AppDelegate.swift */; };
		22588DDC2553A61C00D95E69 /* SceneDelegate.swift in Sources */ = {isa = PBXBuildFile; fileRef = 22588DDB2553A61C00D95E69 /* SceneDelegate.swift */; };
		22588DDE2553A61C00D95E69 /* ViewController.swift in Sources */ = {isa = PBXBuildFile; fileRef = 22588DDD2553A61C00D95E69 /* ViewController.swift */; };
		22588DE12553A61C00D95E69 /* Main.storyboard in Resources */ = {isa = PBXBuildFile; fileRef = 22588DDF2553A61C00D95E69 /* Main.storyboard */; };
		22588DE32553A61F00D95E69 /* Assets.xcassets in Resources */ = {isa = PBXBuildFile; fileRef = 22588DE22553A61F00D95E69 /* Assets.xcassets */; };
		22588DE62553A61F00D95E69 /* LaunchScreen.storyboard in Resources */ = {isa = PBXBuildFile; fileRef = 22588DE42553A61F00D95E69 /* LaunchScreen.storyboard */; };
		22588DF12553A61F00D95E69 /* DesignPatternTestTests.swift in Sources */ = {isa = PBXBuildFile; fileRef = 22588DF02553A61F00D95E69 /* DesignPatternTestTests.swift */; };
		22588DFC2553A62000D95E69 /* DesignPatternTestUITests.swift in Sources */ = {isa = PBXBuildFile; fileRef = 22588DFB2553A62000D95E69 /* DesignPatternTestUITests.swift */; };
		22588E0D2553A96500D95E69 /* MyProtocol.swift in Sources */ = {isa = PBXBuildFile; fileRef = 22588E0C2553A96500D95E69 /* MyProtocol.swift */; };
/* End PBXBuildFile section */

/* Begin PBXContainerItemProxy section */
		22588DED2553A61F00D95E69 /* PBXContainerItemProxy */ = {
			isa = PBXContainerItemProxy;
			containerPortal = 22588DCE2553A61C00D95E69 /* Project object */;
			proxyType = 1;
			remoteGlobalIDString = 22588DD52553A61C00D95E69;
			remoteInfo = DesignPatternTest;
		};
		22588DF82553A62000D95E69 /* PBXContainerItemProxy */ = {
			isa = PBXContainerItemProxy;
			containerPortal = 22588DCE2553A61C00D95E69 /* Project object */;
			proxyType = 1;
			remoteGlobalIDString = 22588DD52553A61C00D95E69;
			remoteInfo = DesignPatternTest;
		};
/* End PBXContainerItemProxy section */

/* Begin PBXFileReference section */
		22588DD62553A61C00D95E69 /* DesignPatternTest.app */ = {isa = PBXFileReference; explicitFileType = wrapper.application; includeInIndex = 0; path = DesignPatternTest.app; sourceTree = BUILT_PRODUCTS_DIR; };
		22588DD92553A61C00D95E69 /* AppDelegate.swift */ = {isa = PBXFileReference; lastKnownFileType = sourcecode.swift; path = AppDelegate.swift; sourceTree = "<group>"; };
		22588DDB2553A61C00D95E69 /* SceneDelegate.swift */ = {isa = PBXFileReference; lastKnownFileType = sourcecode.swift; path = SceneDelegate.swift; sourceTree = "<group>"; };
		22588DDD2553A61C00D95E69 /* ViewController.swift */ = {isa = PBXFileReference; lastKnownFileType = sourcecode.swift; path = ViewController.swift; sourceTree = "<group>"; };
		22588DE02553A61C00D95E69 /* Base */ = {isa = PBXFileReference; lastKnownFileType = file.storyboard; name = Base; path = Base.lproj/Main.storyboard; sourceTree = "<group>"; };
		22588DE22553A61F00D95E69 /* Assets.xcassets */ = {isa = PBXFileReference; lastKnownFileType = folder.assetcatalog; path = Assets.xcassets; sourceTree = "<group>"; };
		22588DE52553A61F00D95E69 /* Base */ = {isa = PBXFileReference; lastKnownFileType = file.storyboard; name = Base; path = Base.lproj/LaunchScreen.storyboard; sourceTree = "<group>"; };
		22588DE72553A61F00D95E69 /* Info.plist */ = {isa = PBXFileReference; lastKnownFileType = text.plist.xml; path = Info.plist; sourceTree = "<group>"; };
		22588DEC2553A61F00D95E69 /* DesignPatternTestTests.xctest */ = {isa = PBXFileReference; explicitFileType = wrapper.cfbundle; includeInIndex = 0; path = DesignPatternTestTests.xctest; sourceTree = BUILT_PRODUCTS_DIR; };
		22588DF02553A61F00D95E69 /* DesignPatternTestTests.swift */ = {isa = PBXFileReference; lastKnownFileType = sourcecode.swift; path = DesignPatternTestTests.swift; sourceTree = "<group>"; };
		22588DF22553A62000D95E69 /* Info.plist */ = {isa = PBXFileReference; lastKnownFileType = text.plist.xml; path = Info.plist; sourceTree = "<group>"; };
		22588DF72553A62000D95E69 /* DesignPatternTestUITests.xctest */ = {isa = PBXFileReference; explicitFileType = wrapper.cfbundle; includeInIndex = 0; path = DesignPatternTestUITests.xctest; sourceTree = BUILT_PRODUCTS_DIR; };
		22588DFB2553A62000D95E69 /* DesignPatternTestUITests.swift */ = {isa = PBXFileReference; lastKnownFileType = sourcecode.swift; path = DesignPatternTestUITests.swift; sourceTree = "<group>"; };
		22588DFD2553A62000D95E69 /* Info.plist */ = {isa = PBXFileReference; lastKnownFileType = text.plist.xml; path = Info.plist; sourceTree = "<group>"; };
		22588E0C2553A96500D95E69 /* MyProtocol.swift */ = {isa = PBXFileReference; lastKnownFileType = sourcecode.swift; path = MyProtocol.swift; sourceTree = "<group>"; };
/* End PBXFileReference section */

/* Begin PBXFrameworksBuildPhase section */
		22588DD32553A61C00D95E69 /* Frameworks */ = {
			isa = PBXFrameworksBuildPhase;
			buildActionMask = 2147483647;
			files = (
			);
			runOnlyForDeploymentPostprocessing = 0;
		};
		22588DE92553A61F00D95E69 /* Frameworks */ = {
			isa = PBXFrameworksBuildPhase;
			buildActionMask = 2147483647;
			files = (
			);
			runOnlyForDeploymentPostprocessing = 0;
		};
		22588DF42553A62000D95E69 /* Frameworks */ = {
			isa = PBXFrameworksBuildPhase;
			buildActionMask = 2147483647;
			files = (
			);
			runOnlyForDeploymentPostprocessing = 0;
		};
/* End PBXFrameworksBuildPhase section */

/* Begin PBXGroup section */
		22588DCD2553A61C00D95E69 = {
			isa = PBXGroup;
			children = (
				22588DD82553A61C00D95E69 /* DesignPatternTest */,
				22588DEF2553A61F00D95E69 /* DesignPatternTestTests */,
				22588DFA2553A62000D95E69 /* DesignPatternTestUITests */,
				22588DD72553A61C00D95E69 /* Products */,
			);
			sourceTree = "<group>";
		};
		22588DD72553A61C00D95E69 /* Products */ = {
			isa = PBXGroup;
			children = (
				22588DD62553A61C00D95E69 /* DesignPatternTest.app */,
				22588DEC2553A61F00D95E69 /* DesignPatternTestTests.xctest */,
				22588DF72553A62000D95E69 /* DesignPatternTestUITests.xctest */,
			);
			name = Products;
			sourceTree = "<group>";
		};
		22588DD82553A61C00D95E69 /* DesignPatternTest */ = {
			isa = PBXGroup;
			children = (
				22588DD92553A61C00D95E69 /* AppDelegate.swift */,
				22588DDB2553A61C00D95E69 /* SceneDelegate.swift */,
				22588DDD2553A61C00D95E69 /* ViewController.swift */,
				22588DDF2553A61C00D95E69 /* Main.storyboard */,
				22588DE22553A61F00D95E69 /* Assets.xcassets */,
				22588DE42553A61F00D95E69 /* LaunchScreen.storyboard */,
				22588DE72553A61F00D95E69 /* Info.plist */,
				22588E0C2553A96500D95E69 /* MyProtocol.swift */,
			);
			path = DesignPatternTest;
			sourceTree = "<group>";
		};
		22588DEF2553A61F00D95E69 /* DesignPatternTestTests */ = {
			isa = PBXGroup;
			children = (
				22588DF02553A61F00D95E69 /* DesignPatternTestTests.swift */,
				22588DF22553A62000D95E69 /* Info.plist */,
			);
			path = DesignPatternTestTests;
			sourceTree = "<group>";
		};
		22588DFA2553A62000D95E69 /* DesignPatternTestUITests */ = {
			isa = PBXGroup;
			children = (
				22588DFB2553A62000D95E69 /* DesignPatternTestUITests.swift */,
				22588DFD2553A62000D95E69 /* Info.plist */,
			);
			path = DesignPatternTestUITests;
			sourceTree = "<group>";
		};
/* End PBXGroup section */

/* Begin PBXNativeTarget section */
		22588DD52553A61C00D95E69 /* DesignPatternTest */ = {
			isa = PBXNativeTarget;
			buildConfigurationList = 22588E002553A62000D95E69 /* Build configuration list for PBXNativeTarget "DesignPatternTest" */;
			buildPhases = (
				22588DD22553A61C00D95E69 /* Sources */,
				22588DD32553A61C00D95E69 /* Frameworks */,
				22588DD42553A61C00D95E69 /* Resources */,
			);
			buildRules = (
			);
			dependencies = (
			);
			name = DesignPatternTest;
			productName = DesignPatternTest;
			productReference = 22588DD62553A61C00D95E69 /* DesignPatternTest.app */;
			productType = "com.apple.product-type.application";
		};
		22588DEB2553A61F00D95E69 /* DesignPatternTestTests */ = {
			isa = PBXNativeTarget;
			buildConfigurationList = 22588E032553A62000D95E69 /* Build configuration list for PBXNativeTarget "DesignPatternTestTests" */;
			buildPhases = (
				22588DE82553A61F00D95E69 /* Sources */,
				22588DE92553A61F00D95E69 /* Frameworks */,
				22588DEA2553A61F00D95E69 /* Resources */,
			);
			buildRules = (
			);
			dependencies = (
				22588DEE2553A61F00D95E69 /* PBXTargetDependency */,
			);
			name = DesignPatternTestTests;
			productName = DesignPatternTestTests;
			productReference = 22588DEC2553A61F00D95E69 /* DesignPatternTestTests.xctest */;
			productType = "com.apple.product-type.bundle.unit-test";
		};
		22588DF62553A62000D95E69 /* DesignPatternTestUITests */ = {
			isa = PBXNativeTarget;
			buildConfigurationList = 22588E062553A62000D95E69 /* Build configuration list for PBXNativeTarget "DesignPatternTestUITests" */;
			buildPhases = (
				22588DF32553A62000D95E69 /* Sources */,
				22588DF42553A62000D95E69 /* Frameworks */,
				22588DF52553A62000D95E69 /* Resources */,
			);
			buildRules = (
			);
			dependencies = (
				22588DF92553A62000D95E69 /* PBXTargetDependency */,
			);
			name = DesignPatternTestUITests;
			productName = DesignPatternTestUITests;
			productReference = 22588DF72553A62000D95E69 /* DesignPatternTestUITests.xctest */;
			productType = "com.apple.product-type.bundle.ui-testing";
		};
/* End PBXNativeTarget section */

/* Begin PBXProject section */
		22588DCE2553A61C00D95E69 /* Project object */ = {
			isa = PBXProject;
			attributes = {
				LastSwiftUpdateCheck = 1210;
				LastUpgradeCheck = 1210;
				TargetAttributes = {
					22588DD52553A61C00D95E69 = {
						CreatedOnToolsVersion = 12.1;
					};
					22588DEB2553A61F00D95E69 = {
						CreatedOnToolsVersion = 12.1;
						TestTargetID = 22588DD52553A61C00D95E69;
					};
					22588DF62553A62000D95E69 = {
						CreatedOnToolsVersion = 12.1;
						TestTargetID = 22588DD52553A61C00D95E69;
					};
				};
			};
			buildConfigurationList = 22588DD12553A61C00D95E69 /* Build configuration list for PBXProject "DesignPatternTest" */;
			compatibilityVersion = "Xcode 9.3";
			developmentRegion = en;
			hasScannedForEncodings = 0;
			knownRegions = (
				en,
				Base,
			);
			mainGroup = 22588DCD2553A61C00D95E69;
			productRefGroup = 22588DD72553A61C00D95E69 /* Products */;
			projectDirPath = "";
			projectRoot = "";
			targets = (
				22588DD52553A61C00D95E69 /* DesignPatternTest */,
				22588DEB2553A61F00D95E69 /* DesignPatternTestTests */,
				22588DF62553A62000D95E69 /* DesignPatternTestUITests */,
			);
		};
/* End PBXProject section */

/* Begin PBXResourcesBuildPhase section */
		22588DD42553A61C00D95E69 /* Resources */ = {
			isa = PBXResourcesBuildPhase;
			buildActionMask = 2147483647;
			files = (
				22588DE62553A61F00D95E69 /* LaunchScreen.storyboard in Resources */,
				22588DE32553A61F00D95E69 /* Assets.xcassets in Resources */,
				22588DE12553A61C00D95E69 /* Main.storyboard in Resources */,
			);
			runOnlyForDeploymentPostprocessing = 0;
		};
		22588DEA2553A61F00D95E69 /* Resources */ = {
			isa = PBXResourcesBuildPhase;
			buildActionMask = 2147483647;
			files = (
			);
			runOnlyForDeploymentPostprocessing = 0;
		};
		22588DF52553A62000D95E69 /* Resources */ = {
			isa = PBXResourcesBuildPhase;
			buildActionMask = 2147483647;
			files = (
			);
			runOnlyForDeploymentPostprocessing = 0;
		};
/* End PBXResourcesBuildPhase section */

/* Begin PBXSourcesBuildPhase section */
		22588DD22553A61C00D95E69 /* Sources */ = {
			isa = PBXSourcesBuildPhase;
			buildActionMask = 2147483647;
			files = (
				22588DDE2553A61C00D95E69 /* ViewController.swift in Sources */,
				22588DDA2553A61C00D95E69 /* AppDelegate.swift in Sources */,
				22588DDC2553A61C00D95E69 /* SceneDelegate.swift in Sources */,
				22588E0D2553A96500D95E69 /* MyProtocol.swift in Sources */,
			);
			runOnlyForDeploymentPostprocessing = 0;
		};
		22588DE82553A61F00D95E69 /* Sources */ = {
			isa = PBXSourcesBuildPhase;
			buildActionMask = 2147483647;
			files = (
				22588DF12553A61F00D95E69 /* DesignPatternTestTests.swift in Sources */,
			);
			runOnlyForDeploymentPostprocessing = 0;
		};
		22588DF32553A62000D95E69 /* Sources */ = {
			isa = PBXSourcesBuildPhase;
			buildActionMask = 2147483647;
			files = (
				22588DFC2553A62000D95E69 /* DesignPatternTestUITests.swift in Sources */,
			);
			runOnlyForDeploymentPostprocessing = 0;
		};
/* End PBXSourcesBuildPhase section */

/* Begin PBXTargetDependency section */
		22588DEE2553A61F00D95E69 /* PBXTargetDependency */ = {
			isa = PBXTargetDependency;
			target = 22588DD52553A61C00D95E69 /* DesignPatternTest */;
			targetProxy = 22588DED2553A61F00D95E69 /* PBXContainerItemProxy */;
		};
		22588DF92553A62000D95E69 /* PBXTargetDependency */ = {
			isa = PBXTargetDependency;
			target = 22588DD52553A61C00D95E69 /* DesignPatternTest */;
			targetProxy = 22588DF82553A62000D95E69 /* PBXContainerItemProxy */;
		};
/* End PBXTargetDependency section */

/* Begin PBXVariantGroup section */
		22588DDF2553A61C00D95E69 /* Main.storyboard */ = {
			isa = PBXVariantGroup;
			children = (
				22588DE02553A61C00D95E69 /* Base */,
			);
			name = Main.storyboard;
			sourceTree = "<group>";
		};
		22588DE42553A61F00D95E69 /* LaunchScreen.storyboard */ = {
			isa = PBXVariantGroup;
			children = (
				22588DE52553A61F00D95E69 /* Base */,
			);
			name = LaunchScreen.storyboard;
			sourceTree = "<group>";
		};
/* End PBXVariantGroup section */

/* Begin XCBuildConfiguration section */
		22588DFE2553A62000D95E69 /* Debug */ = {
			isa = XCBuildConfiguration;
			buildSettings = {
				ALWAYS_SEARCH_USER_PATHS = NO;
				CLANG_ANALYZER_NONNULL = YES;
				CLANG_ANALYZER_NUMBER_OBJECT_CONVERSION = YES_AGGRESSIVE;
				CLANG_CXX_LANGUAGE_STANDARD = "gnu++14";
				CLANG_CXX_LIBRARY = "libc++";
				CLANG_ENABLE_MODULES = YES;
				CLANG_ENABLE_OBJC_ARC = YES;
				CLANG_ENABLE_OBJC_WEAK = YES;
				CLANG_WARN_BLOCK_CAPTURE_AUTORELEASING = YES;
				CLANG_WARN_BOOL_CONVERSION = YES;
				CLANG_WARN_COMMA = YES;
				CLANG_WARN_CONSTANT_CONVERSION = YES;
				CLANG_WARN_DEPRECATED_OBJC_IMPLEMENTATIONS = YES;
				CLANG_WARN_DIRECT_OBJC_ISA_USAGE = YES_ERROR;
				CLANG_WARN_DOCUMENTATION_COMMENTS = YES;
				CLANG_WARN_EMPTY_BODY = YES;
				CLANG_WARN_ENUM_CONVERSION = YES;
				CLANG_WARN_INFINITE_RECURSION = YES;
				CLANG_WARN_INT_CONVERSION = YES;
				CLANG_WARN_NON_LITERAL_NULL_CONVERSION = YES;
				CLANG_WARN_OBJC_IMPLICIT_RETAIN_SELF = YES;
				CLANG_WARN_OBJC_LITERAL_CONVERSION = YES;
				CLANG_WARN_OBJC_ROOT_CLASS = YES_ERROR;
				CLANG_WARN_QUOTED_INCLUDE_IN_FRAMEWORK_HEADER = YES;
				CLANG_WARN_RANGE_LOOP_ANALYSIS = YES;
				CLANG_WARN_STRICT_PROTOTYPES = YES;
				CLANG_WARN_SUSPICIOUS_MOVE = YES;
				CLANG_WARN_UNGUARDED_AVAILABILITY = YES_AGGRESSIVE;
				CLANG_WARN_UNREACHABLE_CODE = YES;
				CLANG_WARN__DUPLICATE_METHOD_MATCH = YES;
				COPY_PHASE_STRIP = NO;
				DEBUG_INFORMATION_FORMAT = dwarf;
				ENABLE_STRICT_OBJC_MSGSEND = YES;
				ENABLE_TESTABILITY = YES;
				GCC_C_LANGUAGE_STANDARD = gnu11;
				GCC_DYNAMIC_NO_PIC = NO;
				GCC_NO_COMMON_BLOCKS = YES;
				GCC_OPTIMIZATION_LEVEL = 0;
				GCC_PREPROCESSOR_DEFINITIONS = (
					"DEBUG=1",
					"$(inherited)",
				);
				GCC_WARN_64_TO_32_BIT_CONVERSION = YES;
				GCC_WARN_ABOUT_RETURN_TYPE = YES_ERROR;
				GCC_WARN_UNDECLARED_SELECTOR = YES;
				GCC_WARN_UNINITIALIZED_AUTOS = YES_AGGRESSIVE;
				GCC_WARN_UNUSED_FUNCTION = YES;
				GCC_WARN_UNUSED_VARIABLE = YES;
				IPHONEOS_DEPLOYMENT_TARGET = 14.1;
				MTL_ENABLE_DEBUG_INFO = INCLUDE_SOURCE;
				MTL_FAST_MATH = YES;
				ONLY_ACTIVE_ARCH = YES;
				SDKROOT = iphoneos;
				SWIFT_ACTIVE_COMPILATION_CONDITIONS = DEBUG;
				SWIFT_OPTIMIZATION_LEVEL = "-Onone";
			};
			name = Debug;
		};
		22588DFF2553A62000D95E69 /* Release */ = {
			isa = XCBuildConfiguration;
			buildSettings = {
				ALWAYS_SEARCH_USER_PATHS = NO;
				CLANG_ANALYZER_NONNULL = YES;
				CLANG_ANALYZER_NUMBER_OBJECT_CONVERSION = YES_AGGRESSIVE;
				CLANG_CXX_LANGUAGE_STANDARD = "gnu++14";
				CLANG_CXX_LIBRARY = "libc++";
				CLANG_ENABLE_MODULES = YES;
				CLANG_ENABLE_OBJC_ARC = YES;
				CLANG_ENABLE_OBJC_WEAK = YES;
				CLANG_WARN_BLOCK_CAPTURE_AUTORELEASING = YES;
				CLANG_WARN_BOOL_CONVERSION = YES;
				CLANG_WARN_COMMA = YES;
				CLANG_WARN_CONSTANT_CONVERSION = YES;
				CLANG_WARN_DEPRECATED_OBJC_IMPLEMENTATIONS = YES;
				CLANG_WARN_DIRECT_OBJC_ISA_USAGE = YES_ERROR;
				CLANG_WARN_DOCUMENTATION_COMMENTS = YES;
				CLANG_WARN_EMPTY_BODY = YES;
				CLANG_WARN_ENUM_CONVERSION = YES;
				CLANG_WARN_INFINITE_RECURSION = YES;
				CLANG_WARN_INT_CONVERSION = YES;
				CLANG_WARN_NON_LITERAL_NULL_CONVERSION = YES;
				CLANG_WARN_OBJC_IMPLICIT_RETAIN_SELF = YES;
				CLANG_WARN_OBJC_LITERAL_CONVERSION = YES;
				CLANG_WARN_OBJC_ROOT_CLASS = YES_ERROR;
				CLANG_WARN_QUOTED_INCLUDE_IN_FRAMEWORK_HEADER = YES;
				CLANG_WARN_RANGE_LOOP_ANALYSIS = YES;
				CLANG_WARN_STRICT_PROTOTYPES = YES;
				CLANG_WARN_SUSPICIOUS_MOVE = YES;
				CLANG_WARN_UNGUARDED_AVAILABILITY = YES_AGGRESSIVE;
				CLANG_WARN_UNREACHABLE_CODE = YES;
				CLANG_WARN__DUPLICATE_METHOD_MATCH = YES;
				COPY_PHASE_STRIP = NO;
				DEBUG_INFORMATION_FORMAT = "dwarf-with-dsym";
				ENABLE_NS_ASSERTIONS = NO;
				ENABLE_STRICT_OBJC_MSGSEND = YES;
				GCC_C_LANGUAGE_STANDARD = gnu11;
				GCC_NO_COMMON_BLOCKS = YES;
				GCC_WARN_64_TO_32_BIT_CONVERSION = YES;
				GCC_WARN_ABOUT_RETURN_TYPE = YES_ERROR;
				GCC_WARN_UNDECLARED_SELECTOR = YES;
				GCC_WARN_UNINITIALIZED_AUTOS = YES_AGGRESSIVE;
				GCC_WARN_UNUSED_FUNCTION = YES;
				GCC_WARN_UNUSED_VARIABLE = YES;
				IPHONEOS_DEPLOYMENT_TARGET = 14.1;
				MTL_ENABLE_DEBUG_INFO = NO;
				MTL_FAST_MATH = YES;
				SDKROOT = iphoneos;
				SWIFT_COMPILATION_MODE = wholemodule;
				SWIFT_OPTIMIZATION_LEVEL = "-O";
				VALIDATE_PRODUCT = YES;
			};
			name = Release;
		};
		22588E012553A62000D95E69 /* Debug */ = {
			isa = XCBuildConfiguration;
			buildSettings = {
				ASSETCATALOG_COMPILER_APPICON_NAME = AppIcon;
				ASSETCATALOG_COMPILER_GLOBAL_ACCENT_COLOR_NAME = AccentColor;
				CODE_SIGN_STYLE = Automatic;
				DEVELOPMENT_TEAM = ULAYXARLG5;
				INFOPLIST_FILE = DesignPatternTest/Info.plist;
				LD_RUNPATH_SEARCH_PATHS = (
					"$(inherited)",
					"@executable_path/Frameworks",
				);
				PRODUCT_BUNDLE_IDENTIFIER = com.basebs.cba.DesignPatternTest;
				PRODUCT_NAME = "$(TARGET_NAME)";
				SWIFT_VERSION = 5.0;
				TARGETED_DEVICE_FAMILY = "1,2";
			};
			name = Debug;
		};
		22588E022553A62000D95E69 /* Release */ = {
			isa = XCBuildConfiguration;
			buildSettings = {
				ASSETCATALOG_COMPILER_APPICON_NAME = AppIcon;
				ASSETCATALOG_COMPILER_GLOBAL_ACCENT_COLOR_NAME = AccentColor;
				CODE_SIGN_STYLE = Automatic;
				DEVELOPMENT_TEAM = ULAYXARLG5;
				INFOPLIST_FILE = DesignPatternTest/Info.plist;
				LD_RUNPATH_SEARCH_PATHS = (
					"$(inherited)",
					"@executable_path/Frameworks",
				);
				PRODUCT_BUNDLE_IDENTIFIER = com.basebs.cba.DesignPatternTest;
				PRODUCT_NAME = "$(TARGET_NAME)";
				SWIFT_VERSION = 5.0;
				TARGETED_DEVICE_FAMILY = "1,2";
			};
			name = Release;
		};
		22588E042553A62000D95E69 /* Debug */ = {
			isa = XCBuildConfiguration;
			buildSettings = {
				ALWAYS_EMBED_SWIFT_STANDARD_LIBRARIES = YES;
				BUNDLE_LOADER = "$(TEST_HOST)";
				CODE_SIGN_STYLE = Automatic;
				DEVELOPMENT_TEAM = ULAYXARLG5;
				INFOPLIST_FILE = DesignPatternTestTests/Info.plist;
				IPHONEOS_DEPLOYMENT_TARGET = 14.1;
				LD_RUNPATH_SEARCH_PATHS = (
					"$(inherited)",
					"@executable_path/Frameworks",
					"@loader_path/Frameworks",
				);
				PRODUCT_BUNDLE_IDENTIFIER = com.basebs.cba.DesignPatternTestTests;
				PRODUCT_NAME = "$(TARGET_NAME)";
				SWIFT_VERSION = 5.0;
				TARGETED_DEVICE_FAMILY = "1,2";
				TEST_HOST = "$(BUILT_PRODUCTS_DIR)/DesignPatternTest.app/DesignPatternTest";
			};
			name = Debug;
		};
		22588E052553A62000D95E69 /* Release */ = {
			isa = XCBuildConfiguration;
			buildSettings = {
				ALWAYS_EMBED_SWIFT_STANDARD_LIBRARIES = YES;
				BUNDLE_LOADER = "$(TEST_HOST)";
				CODE_SIGN_STYLE = Automatic;
				DEVELOPMENT_TEAM = ULAYXARLG5;
				INFOPLIST_FILE = DesignPatternTestTests/Info.plist;
				IPHONEOS_DEPLOYMENT_TARGET = 14.1;
				LD_RUNPATH_SEARCH_PATHS = (
					"$(inherited)",
					"@executable_path/Frameworks",
					"@loader_path/Frameworks",
				);
				PRODUCT_BUNDLE_IDENTIFIER = com.basebs.cba.DesignPatternTestTests;
				PRODUCT_NAME = "$(TARGET_NAME)";
				SWIFT_VERSION = 5.0;
				TARGETED_DEVICE_FAMILY = "1,2";
				TEST_HOST = "$(BUILT_PRODUCTS_DIR)/DesignPatternTest.app/DesignPatternTest";
			};
			name = Release;
		};
		22588E072553A62000D95E69 /* Debug */ = {
			isa = XCBuildConfiguration;
			buildSettings = {
				ALWAYS_EMBED_SWIFT_STANDARD_LIBRARIES = YES;
				CODE_SIGN_STYLE = Automatic;
				DEVELOPMENT_TEAM = ULAYXARLG5;
				INFOPLIST_FILE = DesignPatternTestUITests/Info.plist;
				LD_RUNPATH_SEARCH_PATHS = (
					"$(inherited)",
					"@executable_path/Frameworks",
					"@loader_path/Frameworks",
				);
				PRODUCT_BUNDLE_IDENTIFIER = com.basebs.cba.DesignPatternTestUITests;
				PRODUCT_NAME = "$(TARGET_NAME)";
				SWIFT_VERSION = 5.0;
				TARGETED_DEVICE_FAMILY = "1,2";
				TEST_TARGET_NAME = DesignPatternTest;
			};
			name = Debug;
		};
		22588E082553A62000D95E69 /* Release */ = {
			isa = XCBuildConfiguration;
			buildSettings = {
				ALWAYS_EMBED_SWIFT_STANDARD_LIBRARIES = YES;
				CODE_SIGN_STYLE = Automatic;
				DEVELOPMENT_TEAM = ULAYXARLG5;
				INFOPLIST_FILE = DesignPatternTestUITests/Info.plist;
				LD_RUNPATH_SEARCH_PATHS = (
					"$(inherited)",
					"@executable_path/Frameworks",
					"@loader_path/Frameworks",
				);
				PRODUCT_BUNDLE_IDENTIFIER = com.basebs.cba.DesignPatternTestUITests;
				PRODUCT_NAME = "$(TARGET_NAME)";
				SWIFT_VERSION = 5.0;
				TARGETED_DEVICE_FAMILY = "1,2";
				TEST_TARGET_NAME = DesignPatternTest;
			};
			name = Release;
		};
/* End XCBuildConfiguration section */

/* Begin XCConfigurationList section */
		22588DD12553A61C00D95E69 /* Build configuration list for PBXProject "DesignPatternTest" */ = {
			isa = XCConfigurationList;
			buildConfigurations = (
				22588DFE2553A62000D95E69 /* Debug */,
				22588DFF2553A62000D95E69 /* Release */,
			);
			defaultConfigurationIsVisible = 0;
			defaultConfigurationName = Release;
		};
		22588E002553A62000D95E69 /* Build configuration list for PBXNativeTarget "DesignPatternTest" */ = {
			isa = XCConfigurationList;
			buildConfigurations = (
				22588E012553A62000D95E69 /* Debug */,
				22588E022553A62000D95E69 /* Release */,
			);
			defaultConfigurationIsVisible = 0;
			defaultConfigurationName = Release;
		};
		22588E032553A62000D95E69 /* Build configuration list for PBXNativeTarget "DesignPatternTestTests" */ = {
			isa = XCConfigurationList;
			buildConfigurations = (
				22588E042553A62000D95E69 /* Debug */,
				22588E052553A62000D95E69 /* Release */,
			);
			defaultConfigurationIsVisible = 0;
			defaultConfigurationName = Release;
		};
		22588E062553A62000D95E69 /* Build configuration list for PBXNativeTarget "DesignPatternTestUITests" */ = {
			isa = XCConfigurationList;
			buildConfigurations = (
				22588E072553A62000D95E69 /* Debug */,
				22588E082553A62000D95E69 /* Release */,
			);
			defaultConfigurationIsVisible = 0;
			defaultConfigurationName = Release;
		};
/* End XCConfigurationList section */
	};
	rootObject = 22588DCE2553A61C00D95E69 /* Project object */;
}
